// !$*UTF8*$!
{
	archiveVersion = 1;
	classes = {
	};
	objectVersion = 48;
	objects = {

/* Begin PBXBuildFile section */
		551AFE86244BAEF70000B6B6 /* NotificationExtension.swift in Sources */ = {isa = PBXBuildFile; fileRef = 551AFE85244BAEF70000B6B6 /* NotificationExtension.swift */; };
		551AFE88244BB3440000B6B6 /* CustomCollectionViewCell.swift in Sources */ = {isa = PBXBuildFile; fileRef = 551AFE87244BB3440000B6B6 /* CustomCollectionViewCell.swift */; };
		554D8F30244DE421001F83D9 /* FavoritesViewController.swift in Sources */ = {isa = PBXBuildFile; fileRef = 554D8F2F244DE421001F83D9 /* FavoritesViewController.swift */; };
		554D8F32244DE6C7001F83D9 /* FaivoritesViewProtocol.swift in Sources */ = {isa = PBXBuildFile; fileRef = 554D8F31244DE6C7001F83D9 /* FaivoritesViewProtocol.swift */; };
		554D8F34244DE8E3001F83D9 /* FaivoritesPresenterProtocol.swift in Sources */ = {isa = PBXBuildFile; fileRef = 554D8F33244DE8E3001F83D9 /* FaivoritesPresenterProtocol.swift */; };
		554D8F37244DE900001F83D9 /* FavoritesDataSource.swift in Sources */ = {isa = PBXBuildFile; fileRef = 554D8F36244DE900001F83D9 /* FavoritesDataSource.swift */; };
		554D8F39244DF156001F83D9 /* GetFavoritesLeaguesProtocol.swift in Sources */ = {isa = PBXBuildFile; fileRef = 554D8F38244DF156001F83D9 /* GetFavoritesLeaguesProtocol.swift */; };
		554D8F3B244DF1B3001F83D9 /* SaveLeagueProtocol.swift in Sources */ = {isa = PBXBuildFile; fileRef = 554D8F3A244DF1B3001F83D9 /* SaveLeagueProtocol.swift */; };
		554D8F3D244DF2C9001F83D9 /* favoritesPresenter.swift in Sources */ = {isa = PBXBuildFile; fileRef = 554D8F3C244DF2C9001F83D9 /* favoritesPresenter.swift */; };
		556F411E2449E360008B1EEF /* AppDelegate.swift in Sources */ = {isa = PBXBuildFile; fileRef = 556F411D2449E360008B1EEF /* AppDelegate.swift */; };
		556F41222449E360008B1EEF /* ViewController.swift in Sources */ = {isa = PBXBuildFile; fileRef = 556F41212449E360008B1EEF /* ViewController.swift */; };
		556F41252449E360008B1EEF /* Main.storyboard in Resources */ = {isa = PBXBuildFile; fileRef = 556F41232449E360008B1EEF /* Main.storyboard */; };
		556F41282449E360008B1EEF /* Teamsocity.xcdatamodeld in Sources */ = {isa = PBXBuildFile; fileRef = 556F41262449E360008B1EEF /* Teamsocity.xcdatamodeld */; };
		556F412A2449E362008B1EEF /* Assets.xcassets in Resources */ = {isa = PBXBuildFile; fileRef = 556F41292449E362008B1EEF /* Assets.xcassets */; };
		556F412D2449E362008B1EEF /* LaunchScreen.storyboard in Resources */ = {isa = PBXBuildFile; fileRef = 556F412B2449E362008B1EEF /* LaunchScreen.storyboard */; };
		5597704A244CF45600109259 /* CustomTableViewCell.swift in Sources */ = {isa = PBXBuildFile; fileRef = 55977048244CF45600109259 /* CustomTableViewCell.swift */; };
		5597704B244CF45600109259 /* CustomTableViewCell.xib in Resources */ = {isa = PBXBuildFile; fileRef = 55977049244CF45600109259 /* CustomTableViewCell.xib */; };
		5597704D244CF83200109259 /* ViewControllerLeagues.swift in Sources */ = {isa = PBXBuildFile; fileRef = 5597704C244CF83200109259 /* ViewControllerLeagues.swift */; };
		5597704F244D0D9800109259 /* sport_placeholder.png in Resources */ = {isa = PBXBuildFile; fileRef = 5597704E244D0D9700109259 /* sport_placeholder.png */; };
		55E755F9244CC21000A8DFED /* League.swift in Sources */ = {isa = PBXBuildFile; fileRef = 55E755F8244CC21000A8DFED /* League.swift */; };
		55E755FC244CC63200A8DFED /* LeaguesDataSource.swift in Sources */ = {isa = PBXBuildFile; fileRef = 55E755FB244CC63200A8DFED /* LeaguesDataSource.swift */; };
		55E755FE244CD24500A8DFED /* LeaguesPresenter.swift in Sources */ = {isa = PBXBuildFile; fileRef = 55E755FD244CD24500A8DFED /* LeaguesPresenter.swift */; };
		55E75600244CD25900A8DFED /* LeaguesPresenterProtocol.swift in Sources */ = {isa = PBXBuildFile; fileRef = 55E755FF244CD25900A8DFED /* LeaguesPresenterProtocol.swift */; };
		55F0D1FA244B883F007183F1 /* sport.swift in Sources */ = {isa = PBXBuildFile; fileRef = 55F0D1F9244B883F007183F1 /* sport.swift */; };
		55F0D1FE244B890D007183F1 /* MainPresenterProtocol.swift in Sources */ = {isa = PBXBuildFile; fileRef = 55F0D1FD244B890D007183F1 /* MainPresenterProtocol.swift */; };
		55F0D200244B8971007183F1 /* MainDataSource.swift in Sources */ = {isa = PBXBuildFile; fileRef = 55F0D1FF244B8971007183F1 /* MainDataSource.swift */; };
		55F0D202244B8A60007183F1 /* MianPresenter.swift in Sources */ = {isa = PBXBuildFile; fileRef = 55F0D201244B8A60007183F1 /* MianPresenter.swift */; };
		55F0D204244B8B4E007183F1 /* MainViewProtocol.swift in Sources */ = {isa = PBXBuildFile; fileRef = 55F0D203244B8B4E007183F1 /* MainViewProtocol.swift */; };
		55F0D207244B954E007183F1 /* Constants.swift in Sources */ = {isa = PBXBuildFile; fileRef = 55F0D206244B954E007183F1 /* Constants.swift */; };
		55F98A30244CD89100D8FCB3 /* LeaguesViewController.swift in Sources */ = {isa = PBXBuildFile; fileRef = 55F98A2F244CD89100D8FCB3 /* LeaguesViewController.swift */; };
		55F98A32244CD8B200D8FCB3 /* LeaguesViewProtocol.swift in Sources */ = {isa = PBXBuildFile; fileRef = 55F98A31244CD8B200D8FCB3 /* LeaguesViewProtocol.swift */; };
		D4A25AF0B993B265F18FB0FC /* Pods_Teamsocity.framework in Frameworks */ = {isa = PBXBuildFile; fileRef = 6E2FA6052023299EEDF26153 /* Pods_Teamsocity.framework */; };
		F457EAFC244F610B00FE6DB8 /* Event.swift in Sources */ = {isa = PBXBuildFile; fileRef = F457EAFB244F610B00FE6DB8 /* Event.swift */; };
		F4D37314244E24B600346C96 /* LeagueDetailsViewController.swift in Sources */ = {isa = PBXBuildFile; fileRef = F4D37313244E24B600346C96 /* LeagueDetailsViewController.swift */; };
		F4D37316244E24DB00346C96 /* LeagueAndTeamDetailsStoryboard.storyboard in Resources */ = {isa = PBXBuildFile; fileRef = F4D37315244E24DB00346C96 /* LeagueAndTeamDetailsStoryboard.storyboard */; };
		F4D3731A244E493600346C96 /* EventCollectionViewCell.swift in Sources */ = {isa = PBXBuildFile; fileRef = F4D37319244E493600346C96 /* EventCollectionViewCell.swift */; };
		F4E23590244FA7F8006CF1FA /* LeagueDetailsProtocol.swift in Sources */ = {isa = PBXBuildFile; fileRef = F4E2358F244FA7F8006CF1FA /* LeagueDetailsProtocol.swift */; };
		F4E23592244FAB15006CF1FA /* LeagueDetailsPresenter.swift in Sources */ = {isa = PBXBuildFile; fileRef = F4E23591244FAB15006CF1FA /* LeagueDetailsPresenter.swift */; };
		F4E23594244FABFC006CF1FA /* EventDataSource.swift in Sources */ = {isa = PBXBuildFile; fileRef = F4E23593244FABFC006CF1FA /* EventDataSource.swift */; };
		F4E23596244FB593006CF1FA /* LeagueDetailsViewProtocol.swift in Sources */ = {isa = PBXBuildFile; fileRef = F4E23595244FB593006CF1FA /* LeagueDetailsViewProtocol.swift */; };
		F4E23598244FD695006CF1FA /* LastResultCollectionViewCell.swift in Sources */ = {isa = PBXBuildFile; fileRef = F4E23597244FD695006CF1FA /* LastResultCollectionViewCell.swift */; };
		F4E2359A244FD6E4006CF1FA /* TeamCollectionViewCell.swift in Sources */ = {isa = PBXBuildFile; fileRef = F4E23599244FD6E4006CF1FA /* TeamCollectionViewCell.swift */; };
/* End PBXBuildFile section */

/* Begin PBXFileReference section */
		551AFE85244BAEF70000B6B6 /* NotificationExtension.swift */ = {isa = PBXFileReference; lastKnownFileType = sourcecode.swift; path = NotificationExtension.swift; sourceTree = "<group>"; };
		551AFE87244BB3440000B6B6 /* CustomCollectionViewCell.swift */ = {isa = PBXFileReference; fileEncoding = 4; lastKnownFileType = sourcecode.swift; path = CustomCollectionViewCell.swift; sourceTree = "<group>"; };
		554D8F2F244DE421001F83D9 /* FavoritesViewController.swift */ = {isa = PBXFileReference; lastKnownFileType = sourcecode.swift; path = FavoritesViewController.swift; sourceTree = "<group>"; };
		554D8F31244DE6C7001F83D9 /* FaivoritesViewProtocol.swift */ = {isa = PBXFileReference; lastKnownFileType = sourcecode.swift; path = FaivoritesViewProtocol.swift; sourceTree = "<group>"; };
		554D8F33244DE8E3001F83D9 /* FaivoritesPresenterProtocol.swift */ = {isa = PBXFileReference; lastKnownFileType = sourcecode.swift; path = FaivoritesPresenterProtocol.swift; sourceTree = "<group>"; };
		554D8F36244DE900001F83D9 /* FavoritesDataSource.swift */ = {isa = PBXFileReference; lastKnownFileType = sourcecode.swift; path = FavoritesDataSource.swift; sourceTree = "<group>"; };
		554D8F38244DF156001F83D9 /* GetFavoritesLeaguesProtocol.swift */ = {isa = PBXFileReference; lastKnownFileType = sourcecode.swift; path = GetFavoritesLeaguesProtocol.swift; sourceTree = "<group>"; };
		554D8F3A244DF1B3001F83D9 /* SaveLeagueProtocol.swift */ = {isa = PBXFileReference; lastKnownFileType = sourcecode.swift; path = SaveLeagueProtocol.swift; sourceTree = "<group>"; };
		554D8F3C244DF2C9001F83D9 /* favoritesPresenter.swift */ = {isa = PBXFileReference; lastKnownFileType = sourcecode.swift; path = favoritesPresenter.swift; sourceTree = "<group>"; };
		556F411A2449E360008B1EEF /* Teamsocity.app */ = {isa = PBXFileReference; explicitFileType = wrapper.application; includeInIndex = 0; path = Teamsocity.app; sourceTree = BUILT_PRODUCTS_DIR; };
		556F411D2449E360008B1EEF /* AppDelegate.swift */ = {isa = PBXFileReference; lastKnownFileType = sourcecode.swift; path = AppDelegate.swift; sourceTree = "<group>"; };
		556F41212449E360008B1EEF /* ViewController.swift */ = {isa = PBXFileReference; lastKnownFileType = sourcecode.swift; path = ViewController.swift; sourceTree = "<group>"; };
		556F41242449E360008B1EEF /* Base */ = {isa = PBXFileReference; lastKnownFileType = file.storyboard; name = Base; path = Base.lproj/Main.storyboard; sourceTree = "<group>"; };
		556F41272449E360008B1EEF /* Teamsocity.xcdatamodel */ = {isa = PBXFileReference; lastKnownFileType = wrapper.xcdatamodel; path = Teamsocity.xcdatamodel; sourceTree = "<group>"; };
		556F41292449E362008B1EEF /* Assets.xcassets */ = {isa = PBXFileReference; lastKnownFileType = folder.assetcatalog; path = Assets.xcassets; sourceTree = "<group>"; };
		556F412C2449E362008B1EEF /* Base */ = {isa = PBXFileReference; lastKnownFileType = file.storyboard; name = Base; path = Base.lproj/LaunchScreen.storyboard; sourceTree = "<group>"; };
		556F412E2449E362008B1EEF /* Info.plist */ = {isa = PBXFileReference; lastKnownFileType = text.plist.xml; path = Info.plist; sourceTree = "<group>"; };
		55977048244CF45600109259 /* CustomTableViewCell.swift */ = {isa = PBXFileReference; lastKnownFileType = sourcecode.swift; path = CustomTableViewCell.swift; sourceTree = "<group>"; };
		55977049244CF45600109259 /* CustomTableViewCell.xib */ = {isa = PBXFileReference; lastKnownFileType = file.xib; path = CustomTableViewCell.xib; sourceTree = "<group>"; };
		5597704C244CF83200109259 /* ViewControllerLeagues.swift */ = {isa = PBXFileReference; lastKnownFileType = sourcecode.swift; path = ViewControllerLeagues.swift; sourceTree = "<group>"; };
		5597704E244D0D9700109259 /* sport_placeholder.png */ = {isa = PBXFileReference; lastKnownFileType = image.png; path = sport_placeholder.png; sourceTree = "<group>"; };
		55E755F8244CC21000A8DFED /* League.swift */ = {isa = PBXFileReference; lastKnownFileType = sourcecode.swift; path = League.swift; sourceTree = "<group>"; };
		55E755FB244CC63200A8DFED /* LeaguesDataSource.swift */ = {isa = PBXFileReference; lastKnownFileType = sourcecode.swift; path = LeaguesDataSource.swift; sourceTree = "<group>"; };
		55E755FD244CD24500A8DFED /* LeaguesPresenter.swift */ = {isa = PBXFileReference; lastKnownFileType = sourcecode.swift; path = LeaguesPresenter.swift; sourceTree = "<group>"; };
		55E755FF244CD25900A8DFED /* LeaguesPresenterProtocol.swift */ = {isa = PBXFileReference; lastKnownFileType = sourcecode.swift; path = LeaguesPresenterProtocol.swift; sourceTree = "<group>"; };
		55F0D1F9244B883F007183F1 /* sport.swift */ = {isa = PBXFileReference; lastKnownFileType = sourcecode.swift; path = sport.swift; sourceTree = "<group>"; };
		55F0D1FD244B890D007183F1 /* MainPresenterProtocol.swift */ = {isa = PBXFileReference; lastKnownFileType = sourcecode.swift; path = MainPresenterProtocol.swift; sourceTree = "<group>"; };
		55F0D1FF244B8971007183F1 /* MainDataSource.swift */ = {isa = PBXFileReference; lastKnownFileType = sourcecode.swift; path = MainDataSource.swift; sourceTree = "<group>"; };
		55F0D201244B8A60007183F1 /* MianPresenter.swift */ = {isa = PBXFileReference; lastKnownFileType = sourcecode.swift; path = MianPresenter.swift; sourceTree = "<group>"; };
		55F0D203244B8B4E007183F1 /* MainViewProtocol.swift */ = {isa = PBXFileReference; lastKnownFileType = sourcecode.swift; path = MainViewProtocol.swift; sourceTree = "<group>"; };
		55F0D206244B954E007183F1 /* Constants.swift */ = {isa = PBXFileReference; lastKnownFileType = sourcecode.swift; path = Constants.swift; sourceTree = "<group>"; };
		55F98A2F244CD89100D8FCB3 /* LeaguesViewController.swift */ = {isa = PBXFileReference; lastKnownFileType = sourcecode.swift; path = LeaguesViewController.swift; sourceTree = "<group>"; };
		55F98A31244CD8B200D8FCB3 /* LeaguesViewProtocol.swift */ = {isa = PBXFileReference; lastKnownFileType = sourcecode.swift; path = LeaguesViewProtocol.swift; sourceTree = "<group>"; };
		6E2FA6052023299EEDF26153 /* Pods_Teamsocity.framework */ = {isa = PBXFileReference; explicitFileType = wrapper.framework; includeInIndex = 0; path = Pods_Teamsocity.framework; sourceTree = BUILT_PRODUCTS_DIR; };
		A2928010085113D21497B9B5 /* Pods-Teamsocity.release.xcconfig */ = {isa = PBXFileReference; includeInIndex = 1; lastKnownFileType = text.xcconfig; name = "Pods-Teamsocity.release.xcconfig"; path = "Target Support Files/Pods-Teamsocity/Pods-Teamsocity.release.xcconfig"; sourceTree = "<group>"; };
		F457EAFB244F610B00FE6DB8 /* Event.swift */ = {isa = PBXFileReference; lastKnownFileType = sourcecode.swift; path = Event.swift; sourceTree = "<group>"; };
		F4D37313244E24B600346C96 /* LeagueDetailsViewController.swift */ = {isa = PBXFileReference; lastKnownFileType = sourcecode.swift; path = LeagueDetailsViewController.swift; sourceTree = "<group>"; };
		F4D37315244E24DB00346C96 /* LeagueAndTeamDetailsStoryboard.storyboard */ = {isa = PBXFileReference; lastKnownFileType = file.storyboard; path = LeagueAndTeamDetailsStoryboard.storyboard; sourceTree = "<group>"; };
		F4D37319244E493600346C96 /* EventCollectionViewCell.swift */ = {isa = PBXFileReference; lastKnownFileType = sourcecode.swift; path = EventCollectionViewCell.swift; sourceTree = "<group>"; };
		F4E2358F244FA7F8006CF1FA /* LeagueDetailsProtocol.swift */ = {isa = PBXFileReference; lastKnownFileType = sourcecode.swift; path = LeagueDetailsProtocol.swift; sourceTree = "<group>"; };
		F4E23591244FAB15006CF1FA /* LeagueDetailsPresenter.swift */ = {isa = PBXFileReference; lastKnownFileType = sourcecode.swift; path = LeagueDetailsPresenter.swift; sourceTree = "<group>"; };
		F4E23593244FABFC006CF1FA /* EventDataSource.swift */ = {isa = PBXFileReference; lastKnownFileType = sourcecode.swift; path = EventDataSource.swift; sourceTree = "<group>"; };
		F4E23595244FB593006CF1FA /* LeagueDetailsViewProtocol.swift */ = {isa = PBXFileReference; lastKnownFileType = sourcecode.swift; path = LeagueDetailsViewProtocol.swift; sourceTree = "<group>"; };
		F4E23597244FD695006CF1FA /* LastResultCollectionViewCell.swift */ = {isa = PBXFileReference; lastKnownFileType = sourcecode.swift; path = LastResultCollectionViewCell.swift; sourceTree = "<group>"; };
		F4E23599244FD6E4006CF1FA /* TeamCollectionViewCell.swift */ = {isa = PBXFileReference; lastKnownFileType = sourcecode.swift; path = TeamCollectionViewCell.swift; sourceTree = "<group>"; };
		F9815165480B232DD316B11B /* Pods-Teamsocity.debug.xcconfig */ = {isa = PBXFileReference; includeInIndex = 1; lastKnownFileType = text.xcconfig; name = "Pods-Teamsocity.debug.xcconfig"; path = "Target Support Files/Pods-Teamsocity/Pods-Teamsocity.debug.xcconfig"; sourceTree = "<group>"; };
/* End PBXFileReference section */

/* Begin PBXFrameworksBuildPhase section */
		556F41172449E360008B1EEF /* Frameworks */ = {
			isa = PBXFrameworksBuildPhase;
			buildActionMask = 2147483647;
			files = (
				D4A25AF0B993B265F18FB0FC /* Pods_Teamsocity.framework in Frameworks */,
			);
			runOnlyForDeploymentPostprocessing = 0;
		};
/* End PBXFrameworksBuildPhase section */

/* Begin PBXGroup section */
		1243EAF2140556A0766CED8A /* Frameworks */ = {
			isa = PBXGroup;
			children = (
				6E2FA6052023299EEDF26153 /* Pods_Teamsocity.framework */,
			);
			name = Frameworks;
			sourceTree = "<group>";
		};
		554D8F2C244DE3E9001F83D9 /* faivorites */ = {
			isa = PBXGroup;
			children = (
				554D8F35244DE8E9001F83D9 /* model */,
				554D8F2E244DE405001F83D9 /* presenter */,
				554D8F2D244DE3F3001F83D9 /* view */,
			);
			path = faivorites;
			sourceTree = "<group>";
		};
		554D8F2D244DE3F3001F83D9 /* view */ = {
			isa = PBXGroup;
			children = (
				554D8F2F244DE421001F83D9 /* FavoritesViewController.swift */,
				554D8F31244DE6C7001F83D9 /* FaivoritesViewProtocol.swift */,
			);
			path = view;
			sourceTree = "<group>";
		};
		554D8F2E244DE405001F83D9 /* presenter */ = {
			isa = PBXGroup;
			children = (
				554D8F33244DE8E3001F83D9 /* FaivoritesPresenterProtocol.swift */,
				554D8F3C244DF2C9001F83D9 /* favoritesPresenter.swift */,
			);
			path = presenter;
			sourceTree = "<group>";
		};
		554D8F35244DE8E9001F83D9 /* model */ = {
			isa = PBXGroup;
			children = (
				554D8F36244DE900001F83D9 /* FavoritesDataSource.swift */,
				554D8F38244DF156001F83D9 /* GetFavoritesLeaguesProtocol.swift */,
				554D8F3A244DF1B3001F83D9 /* SaveLeagueProtocol.swift */,
			);
			path = model;
			sourceTree = "<group>";
		};
		556F41112449E360008B1EEF = {
			isa = PBXGroup;
			children = (
				556F411C2449E360008B1EEF /* Teamsocity */,
				556F411B2449E360008B1EEF /* Products */,
				FB3BCA89774D034618F93924 /* Pods */,
				1243EAF2140556A0766CED8A /* Frameworks */,
			);
			sourceTree = "<group>";
		};
		556F411B2449E360008B1EEF /* Products */ = {
			isa = PBXGroup;
			children = (
				556F411A2449E360008B1EEF /* Teamsocity.app */,
			);
			name = Products;
			sourceTree = "<group>";
		};
		556F411C2449E360008B1EEF /* Teamsocity */ = {
			isa = PBXGroup;
			children = (
				F4D37311244E246400346C96 /* leagueDetails */,
				554D8F2C244DE3E9001F83D9 /* faivorites */,
				5597704E244D0D9700109259 /* sport_placeholder.png */,
				55E755F7244CBE1100A8DFED /* leagues */,
				55F0D205244B953A007183F1 /* common */,
				55F0D1F5244B8803007183F1 /* main */,
				556F411D2449E360008B1EEF /* AppDelegate.swift */,
				556F41232449E360008B1EEF /* Main.storyboard */,
				556F41292449E362008B1EEF /* Assets.xcassets */,
				556F412B2449E362008B1EEF /* LaunchScreen.storyboard */,
				556F412E2449E362008B1EEF /* Info.plist */,
				556F41262449E360008B1EEF /* Teamsocity.xcdatamodeld */,
			);
			path = Teamsocity;
			sourceTree = "<group>";
		};
		55E755F7244CBE1100A8DFED /* leagues */ = {
			isa = PBXGroup;
			children = (
				55F98A2E244CD86100D8FCB3 /* view */,
				55E75601244CD28900A8DFED /* Presenter */,
				55E755FA244CC3BE00A8DFED /* model */,
			);
			path = leagues;
			sourceTree = "<group>";
		};
		55E755FA244CC3BE00A8DFED /* model */ = {
			isa = PBXGroup;
			children = (
				55E755F8244CC21000A8DFED /* League.swift */,
				55E755FB244CC63200A8DFED /* LeaguesDataSource.swift */,
			);
			path = model;
			sourceTree = "<group>";
		};
		55E75601244CD28900A8DFED /* Presenter */ = {
			isa = PBXGroup;
			children = (
				55E755FD244CD24500A8DFED /* LeaguesPresenter.swift */,
				55E755FF244CD25900A8DFED /* LeaguesPresenterProtocol.swift */,
			);
			path = Presenter;
			sourceTree = "<group>";
		};
		55F0D1F5244B8803007183F1 /* main */ = {
			isa = PBXGroup;
			children = (
				55F0D1F8244B8825007183F1 /* model */,
				55F0D1F7244B881E007183F1 /* presenter */,
				55F0D1F6244B8816007183F1 /* view */,
			);
			path = main;
			sourceTree = "<group>";
		};
		55F0D1F6244B8816007183F1 /* view */ = {
			isa = PBXGroup;
			children = (
				551AFE87244BB3440000B6B6 /* CustomCollectionViewCell.swift */,
				556F41212449E360008B1EEF /* ViewController.swift */,
				55F0D203244B8B4E007183F1 /* MainViewProtocol.swift */,
			);
			path = view;
			sourceTree = "<group>";
		};
		55F0D1F7244B881E007183F1 /* presenter */ = {
			isa = PBXGroup;
			children = (
				55F0D1FD244B890D007183F1 /* MainPresenterProtocol.swift */,
				55F0D201244B8A60007183F1 /* MianPresenter.swift */,
			);
			path = presenter;
			sourceTree = "<group>";
		};
		55F0D1F8244B8825007183F1 /* model */ = {
			isa = PBXGroup;
			children = (
				55F0D1F9244B883F007183F1 /* sport.swift */,
				55F0D1FF244B8971007183F1 /* MainDataSource.swift */,
			);
			path = model;
			sourceTree = "<group>";
		};
		55F0D205244B953A007183F1 /* common */ = {
			isa = PBXGroup;
			children = (
				55F0D206244B954E007183F1 /* Constants.swift */,
				551AFE85244BAEF70000B6B6 /* NotificationExtension.swift */,
			);
			path = common;
			sourceTree = "<group>";
		};
		55F98A2E244CD86100D8FCB3 /* view */ = {
			isa = PBXGroup;
			children = (
				55F98A2F244CD89100D8FCB3 /* LeaguesViewController.swift */,
				55F98A31244CD8B200D8FCB3 /* LeaguesViewProtocol.swift */,
				55977048244CF45600109259 /* CustomTableViewCell.swift */,
				55977049244CF45600109259 /* CustomTableViewCell.xib */,
				5597704C244CF83200109259 /* ViewControllerLeagues.swift */,
			);
			path = view;
			sourceTree = "<group>";
		};
		F4D37311244E246400346C96 /* leagueDetails */ = {
			isa = PBXGroup;
			children = (
				F4D37318244E24F900346C96 /* presenter */,
				F4D37317244E24F000346C96 /* model */,
				F4D37312244E249600346C96 /* view */,
			);
			path = leagueDetails;
			sourceTree = "<group>";
		};
		F4D37312244E249600346C96 /* view */ = {
			isa = PBXGroup;
			children = (
				F4D37313244E24B600346C96 /* LeagueDetailsViewController.swift */,
				F4D37315244E24DB00346C96 /* LeagueAndTeamDetailsStoryboard.storyboard */,
				F4D37319244E493600346C96 /* EventCollectionViewCell.swift */,
				F4E23595244FB593006CF1FA /* LeagueDetailsViewProtocol.swift */,
				F4E23597244FD695006CF1FA /* LastResultCollectionViewCell.swift */,
				F4E23599244FD6E4006CF1FA /* TeamCollectionViewCell.swift */,
			);
			path = view;
			sourceTree = "<group>";
		};
		F4D37317244E24F000346C96 /* model */ = {
			isa = PBXGroup;
			children = (
				F457EAFB244F610B00FE6DB8 /* Event.swift */,
				F4E23593244FABFC006CF1FA /* EventDataSource.swift */,
			);
			path = model;
			sourceTree = "<group>";
		};
		F4D37318244E24F900346C96 /* presenter */ = {
			isa = PBXGroup;
			children = (
				F4E2358F244FA7F8006CF1FA /* LeagueDetailsProtocol.swift */,
				F4E23591244FAB15006CF1FA /* LeagueDetailsPresenter.swift */,
			);
			path = presenter;
			sourceTree = "<group>";
		};
		FB3BCA89774D034618F93924 /* Pods */ = {
			isa = PBXGroup;
			children = (
				F9815165480B232DD316B11B /* Pods-Teamsocity.debug.xcconfig */,
				A2928010085113D21497B9B5 /* Pods-Teamsocity.release.xcconfig */,
			);
			path = Pods;
			sourceTree = "<group>";
		};
/* End PBXGroup section */

/* Begin PBXNativeTarget section */
		556F41192449E360008B1EEF /* Teamsocity */ = {
			isa = PBXNativeTarget;
			buildConfigurationList = 556F41312449E362008B1EEF /* Build configuration list for PBXNativeTarget "Teamsocity" */;
			buildPhases = (
				87D33F4310EA25A7CCB90DF1 /* [CP] Check Pods Manifest.lock */,
				556F41162449E360008B1EEF /* Sources */,
				556F41172449E360008B1EEF /* Frameworks */,
				556F41182449E360008B1EEF /* Resources */,
				EE1DC22CE332E574ED330979 /* [CP] Embed Pods Frameworks */,
			);
			buildRules = (
			);
			dependencies = (
			);
			name = Teamsocity;
			productName = Teamsocity;
			productReference = 556F411A2449E360008B1EEF /* Teamsocity.app */;
			productType = "com.apple.product-type.application";
		};
/* End PBXNativeTarget section */

/* Begin PBXProject section */
		556F41122449E360008B1EEF /* Project object */ = {
			isa = PBXProject;
			attributes = {
				LastSwiftUpdateCheck = 1130;
				LastUpgradeCheck = 1130;
				ORGANIZATIONNAME = ITI;
				TargetAttributes = {
					556F41192449E360008B1EEF = {
						CreatedOnToolsVersion = 11.3.1;
						LastSwiftMigration = "";
						ProvisioningStyle = Manual;
					};
				};
			};
			buildConfigurationList = 556F41152449E360008B1EEF /* Build configuration list for PBXProject "Teamsocity" */;
			compatibilityVersion = "Xcode 8.0";
			developmentRegion = en;
			hasScannedForEncodings = 0;
			knownRegions = (
				en,
				Base,
			);
			mainGroup = 556F41112449E360008B1EEF;
			productRefGroup = 556F411B2449E360008B1EEF /* Products */;
			projectDirPath = "";
			projectRoot = "";
			targets = (
				556F41192449E360008B1EEF /* Teamsocity */,
			);
		};
/* End PBXProject section */

/* Begin PBXResourcesBuildPhase section */
		556F41182449E360008B1EEF /* Resources */ = {
			isa = PBXResourcesBuildPhase;
			buildActionMask = 2147483647;
			files = (
				556F412D2449E362008B1EEF /* LaunchScreen.storyboard in Resources */,
				5597704B244CF45600109259 /* CustomTableViewCell.xib in Resources */,
				F4D37316244E24DB00346C96 /* LeagueAndTeamDetailsStoryboard.storyboard in Resources */,
				556F412A2449E362008B1EEF /* Assets.xcassets in Resources */,
				5597704F244D0D9800109259 /* sport_placeholder.png in Resources */,
				556F41252449E360008B1EEF /* Main.storyboard in Resources */,
			);
			runOnlyForDeploymentPostprocessing = 0;
		};
/* End PBXResourcesBuildPhase section */

/* Begin PBXShellScriptBuildPhase section */
		87D33F4310EA25A7CCB90DF1 /* [CP] Check Pods Manifest.lock */ = {
			isa = PBXShellScriptBuildPhase;
			buildActionMask = 2147483647;
			files = (
			);
			inputPaths = (
				"${PODS_PODFILE_DIR_PATH}/Podfile.lock",
				"${PODS_ROOT}/Manifest.lock",
			);
			name = "[CP] Check Pods Manifest.lock";
			outputPaths = (
				"$(DERIVED_FILE_DIR)/Pods-Teamsocity-checkManifestLockResult.txt",
			);
			runOnlyForDeploymentPostprocessing = 0;
			shellPath = /bin/sh;
			shellScript = "diff \"${PODS_PODFILE_DIR_PATH}/Podfile.lock\" \"${PODS_ROOT}/Manifest.lock\" > /dev/null\nif [ $? != 0 ] ; then\n    # print error to STDERR\n    echo \"error: The sandbox is not in sync with the Podfile.lock. Run 'pod install' or update your CocoaPods installation.\" >&2\n    exit 1\nfi\n# This output is used by Xcode 'outputs' to avoid re-running this script phase.\necho \"SUCCESS\" > \"${SCRIPT_OUTPUT_FILE_0}\"\n";
			showEnvVarsInLog = 0;
		};
		EE1DC22CE332E574ED330979 /* [CP] Embed Pods Frameworks */ = {
			isa = PBXShellScriptBuildPhase;
			buildActionMask = 2147483647;
			files = (
			);
			inputPaths = (
				"${PODS_ROOT}/Target Support Files/Pods-Teamsocity/Pods-Teamsocity-frameworks.sh",
				"${BUILT_PRODUCTS_DIR}/Alamofire/Alamofire.framework",
				"${BUILT_PRODUCTS_DIR}/Kingfisher/Kingfisher.framework",
				"${BUILT_PRODUCTS_DIR}/SwiftyJSON/SwiftyJSON.framework",
			);
			name = "[CP] Embed Pods Frameworks";
			outputPaths = (
				"${TARGET_BUILD_DIR}/${FRAMEWORKS_FOLDER_PATH}/Alamofire.framework",
				"${TARGET_BUILD_DIR}/${FRAMEWORKS_FOLDER_PATH}/Kingfisher.framework",
				"${TARGET_BUILD_DIR}/${FRAMEWORKS_FOLDER_PATH}/SwiftyJSON.framework",
			);
			runOnlyForDeploymentPostprocessing = 0;
			shellPath = /bin/sh;
			shellScript = "\"${PODS_ROOT}/Target Support Files/Pods-Teamsocity/Pods-Teamsocity-frameworks.sh\"\n";
			showEnvVarsInLog = 0;
		};
/* End PBXShellScriptBuildPhase section */

/* Begin PBXSourcesBuildPhase section */
		556F41162449E360008B1EEF /* Sources */ = {
			isa = PBXSourcesBuildPhase;
			buildActionMask = 2147483647;
			files = (
				551AFE86244BAEF70000B6B6 /* NotificationExtension.swift in Sources */,
				F4D3731A244E493600346C96 /* EventCollectionViewCell.swift in Sources */,
				5597704D244CF83200109259 /* ViewControllerLeagues.swift in Sources */,
				554D8F34244DE8E3001F83D9 /* FaivoritesPresenterProtocol.swift in Sources */,
				55F98A30244CD89100D8FCB3 /* LeaguesViewController.swift in Sources */,
				F4E23598244FD695006CF1FA /* LastResultCollectionViewCell.swift in Sources */,
				554D8F3B244DF1B3001F83D9 /* SaveLeagueProtocol.swift in Sources */,
				55E755FC244CC63200A8DFED /* LeaguesDataSource.swift in Sources */,
				55F0D1FE244B890D007183F1 /* MainPresenterProtocol.swift in Sources */,
				556F41222449E360008B1EEF /* ViewController.swift in Sources */,
				F4E23590244FA7F8006CF1FA /* LeagueDetailsProtocol.swift in Sources */,
				55F98A32244CD8B200D8FCB3 /* LeaguesViewProtocol.swift in Sources */,
				5597704A244CF45600109259 /* CustomTableViewCell.swift in Sources */,
				556F41282449E360008B1EEF /* Teamsocity.xcdatamodeld in Sources */,
				F4E23592244FAB15006CF1FA /* LeagueDetailsPresenter.swift in Sources */,
				55F0D204244B8B4E007183F1 /* MainViewProtocol.swift in Sources */,
				554D8F39244DF156001F83D9 /* GetFavoritesLeaguesProtocol.swift in Sources */,
				55F0D1FA244B883F007183F1 /* sport.swift in Sources */,
				55E755FE244CD24500A8DFED /* LeaguesPresenter.swift in Sources */,
				55E75600244CD25900A8DFED /* LeaguesPresenterProtocol.swift in Sources */,
				556F411E2449E360008B1EEF /* AppDelegate.swift in Sources */,
				55F0D202244B8A60007183F1 /* MianPresenter.swift in Sources */,
				F457EAFC244F610B00FE6DB8 /* Event.swift in Sources */,
				55F0D200244B8971007183F1 /* MainDataSource.swift in Sources */,
				554D8F32244DE6C7001F83D9 /* FaivoritesViewProtocol.swift in Sources */,
				554D8F3D244DF2C9001F83D9 /* favoritesPresenter.swift in Sources */,
				55F0D207244B954E007183F1 /* Constants.swift in Sources */,
				F4E2359A244FD6E4006CF1FA /* TeamCollectionViewCell.swift in Sources */,
				55E755F9244CC21000A8DFED /* League.swift in Sources */,
				554D8F30244DE421001F83D9 /* FavoritesViewController.swift in Sources */,
				554D8F37244DE900001F83D9 /* FavoritesDataSource.swift in Sources */,
				F4E23594244FABFC006CF1FA /* EventDataSource.swift in Sources */,
				F4E23596244FB593006CF1FA /* LeagueDetailsViewProtocol.swift in Sources */,
				F4D37314244E24B600346C96 /* LeagueDetailsViewController.swift in Sources */,
				551AFE88244BB3440000B6B6 /* CustomCollectionViewCell.swift in Sources */,
			);
			runOnlyForDeploymentPostprocessing = 0;
		};
/* End PBXSourcesBuildPhase section */

/* Begin PBXVariantGroup section */
		556F41232449E360008B1EEF /* Main.storyboard */ = {
			isa = PBXVariantGroup;
			children = (
				556F41242449E360008B1EEF /* Base */,
			);
			name = Main.storyboard;
			sourceTree = "<group>";
		};
		556F412B2449E362008B1EEF /* LaunchScreen.storyboard */ = {
			isa = PBXVariantGroup;
			children = (
				556F412C2449E362008B1EEF /* Base */,
			);
			name = LaunchScreen.storyboard;
			sourceTree = "<group>";
		};
/* End PBXVariantGroup section */

/* Begin XCBuildConfiguration section */
		556F412F2449E362008B1EEF /* Debug */ = {
			isa = XCBuildConfiguration;
			buildSettings = {
				ALWAYS_SEARCH_USER_PATHS = NO;
				CLANG_ANALYZER_NONNULL = YES;
				CLANG_ANALYZER_NUMBER_OBJECT_CONVERSION = YES_AGGRESSIVE;
				CLANG_CXX_LANGUAGE_STANDARD = "gnu++14";
				CLANG_CXX_LIBRARY = "libc++";
				CLANG_ENABLE_MODULES = YES;
				CLANG_ENABLE_OBJC_ARC = YES;
				CLANG_ENABLE_OBJC_WEAK = YES;
				CLANG_WARN_BLOCK_CAPTURE_AUTORELEASING = YES;
				CLANG_WARN_BOOL_CONVERSION = YES;
				CLANG_WARN_COMMA = YES;
				CLANG_WARN_CONSTANT_CONVERSION = YES;
				CLANG_WARN_DEPRECATED_OBJC_IMPLEMENTATIONS = YES;
				CLANG_WARN_DIRECT_OBJC_ISA_USAGE = YES_ERROR;
				CLANG_WARN_DOCUMENTATION_COMMENTS = YES;
				CLANG_WARN_EMPTY_BODY = YES;
				CLANG_WARN_ENUM_CONVERSION = YES;
				CLANG_WARN_INFINITE_RECURSION = YES;
				CLANG_WARN_INT_CONVERSION = YES;
				CLANG_WARN_NON_LITERAL_NULL_CONVERSION = YES;
				CLANG_WARN_OBJC_IMPLICIT_RETAIN_SELF = YES;
				CLANG_WARN_OBJC_LITERAL_CONVERSION = YES;
				CLANG_WARN_OBJC_ROOT_CLASS = YES_ERROR;
				CLANG_WARN_RANGE_LOOP_ANALYSIS = YES;
				CLANG_WARN_STRICT_PROTOTYPES = YES;
				CLANG_WARN_SUSPICIOUS_MOVE = YES;
				CLANG_WARN_UNGUARDED_AVAILABILITY = YES_AGGRESSIVE;
				CLANG_WARN_UNREACHABLE_CODE = YES;
				CLANG_WARN__DUPLICATE_METHOD_MATCH = YES;
				COPY_PHASE_STRIP = NO;
				DEBUG_INFORMATION_FORMAT = dwarf;
				ENABLE_STRICT_OBJC_MSGSEND = YES;
				ENABLE_TESTABILITY = YES;
				GCC_C_LANGUAGE_STANDARD = gnu11;
				GCC_DYNAMIC_NO_PIC = NO;
				GCC_NO_COMMON_BLOCKS = YES;
				GCC_OPTIMIZATION_LEVEL = 0;
				GCC_PREPROCESSOR_DEFINITIONS = (
					"DEBUG=1",
					"$(inherited)",
				);
				GCC_WARN_64_TO_32_BIT_CONVERSION = YES;
				GCC_WARN_ABOUT_RETURN_TYPE = YES_ERROR;
				GCC_WARN_UNDECLARED_SELECTOR = YES;
				GCC_WARN_UNINITIALIZED_AUTOS = YES_AGGRESSIVE;
				GCC_WARN_UNUSED_FUNCTION = YES;
				GCC_WARN_UNUSED_VARIABLE = YES;
				IPHONEOS_DEPLOYMENT_TARGET = 11.2;
				MTL_ENABLE_DEBUG_INFO = INCLUDE_SOURCE;
				MTL_FAST_MATH = YES;
				NEW_SETTING = "";
				ONLY_ACTIVE_ARCH = YES;
				SDKROOT = iphoneos;
				SWIFT_ACTIVE_COMPILATION_CONDITIONS = DEBUG;
				SWIFT_OPTIMIZATION_LEVEL = "-Onone";
				SWIFT_VERSION = 4.0;
			};
			name = Debug;
		};
		556F41302449E362008B1EEF /* Release */ = {
			isa = XCBuildConfiguration;
			buildSettings = {
				ALWAYS_SEARCH_USER_PATHS = NO;
				CLANG_ANALYZER_NONNULL = YES;
				CLANG_ANALYZER_NUMBER_OBJECT_CONVERSION = YES_AGGRESSIVE;
				CLANG_CXX_LANGUAGE_STANDARD = "gnu++14";
				CLANG_CXX_LIBRARY = "libc++";
				CLANG_ENABLE_MODULES = YES;
				CLANG_ENABLE_OBJC_ARC = YES;
				CLANG_ENABLE_OBJC_WEAK = YES;
				CLANG_WARN_BLOCK_CAPTURE_AUTORELEASING = YES;
				CLANG_WARN_BOOL_CONVERSION = YES;
				CLANG_WARN_COMMA = YES;
				CLANG_WARN_CONSTANT_CONVERSION = YES;
				CLANG_WARN_DEPRECATED_OBJC_IMPLEMENTATIONS = YES;
				CLANG_WARN_DIRECT_OBJC_ISA_USAGE = YES_ERROR;
				CLANG_WARN_DOCUMENTATION_COMMENTS = YES;
				CLANG_WARN_EMPTY_BODY = YES;
				CLANG_WARN_ENUM_CONVERSION = YES;
				CLANG_WARN_INFINITE_RECURSION = YES;
				CLANG_WARN_INT_CONVERSION = YES;
				CLANG_WARN_NON_LITERAL_NULL_CONVERSION = YES;
				CLANG_WARN_OBJC_IMPLICIT_RETAIN_SELF = YES;
				CLANG_WARN_OBJC_LITERAL_CONVERSION = YES;
				CLANG_WARN_OBJC_ROOT_CLASS = YES_ERROR;
				CLANG_WARN_RANGE_LOOP_ANALYSIS = YES;
				CLANG_WARN_STRICT_PROTOTYPES = YES;
				CLANG_WARN_SUSPICIOUS_MOVE = YES;
				CLANG_WARN_UNGUARDED_AVAILABILITY = YES_AGGRESSIVE;
				CLANG_WARN_UNREACHABLE_CODE = YES;
				CLANG_WARN__DUPLICATE_METHOD_MATCH = YES;
				COPY_PHASE_STRIP = NO;
				DEBUG_INFORMATION_FORMAT = "dwarf-with-dsym";
				ENABLE_NS_ASSERTIONS = NO;
				ENABLE_STRICT_OBJC_MSGSEND = YES;
				GCC_C_LANGUAGE_STANDARD = gnu11;
				GCC_NO_COMMON_BLOCKS = YES;
				GCC_WARN_64_TO_32_BIT_CONVERSION = YES;
				GCC_WARN_ABOUT_RETURN_TYPE = YES_ERROR;
				GCC_WARN_UNDECLARED_SELECTOR = YES;
				GCC_WARN_UNINITIALIZED_AUTOS = YES_AGGRESSIVE;
				GCC_WARN_UNUSED_FUNCTION = YES;
				GCC_WARN_UNUSED_VARIABLE = YES;
				IPHONEOS_DEPLOYMENT_TARGET = 11.2;
				MTL_ENABLE_DEBUG_INFO = NO;
				MTL_FAST_MATH = YES;
				NEW_SETTING = "";
				SDKROOT = iphoneos;
				SWIFT_OPTIMIZATION_LEVEL = "-Owholemodule";
				SWIFT_VERSION = 4.0;
				VALIDATE_PRODUCT = YES;
			};
			name = Release;
		};
		556F41322449E362008B1EEF /* Debug */ = {
			isa = XCBuildConfiguration;
			baseConfigurationReference = F9815165480B232DD316B11B /* Pods-Teamsocity.debug.xcconfig */;
			buildSettings = {
				ASSETCATALOG_COMPILER_APPICON_NAME = AppIcon;
				CODE_SIGN_STYLE = Manual;
				DEVELOPMENT_TEAM = "";
				INFOPLIST_FILE = Teamsocity/Info.plist;
				IPHONEOS_DEPLOYMENT_TARGET = 11.2;
				LD_RUNPATH_SEARCH_PATHS = "$(inherited) @executable_path/Frameworks";
				NEW_SETTING = "";
				PRODUCT_BUNDLE_IDENTIFIER = com.sport.Teamsocity;
				PRODUCT_NAME = "$(TARGET_NAME)";
				PROVISIONING_PROFILE_SPECIFIER = "";
				SWIFT_VERSION = 4.0;
				TARGETED_DEVICE_FAMILY = "1,2";
			};
			name = Debug;
		};
		556F41332449E362008B1EEF /* Release */ = {
			isa = XCBuildConfiguration;
			baseConfigurationReference = A2928010085113D21497B9B5 /* Pods-Teamsocity.release.xcconfig */;
			buildSettings = {
				ASSETCATALOG_COMPILER_APPICON_NAME = AppIcon;
				CODE_SIGN_STYLE = Manual;
				DEVELOPMENT_TEAM = "";
				INFOPLIST_FILE = Teamsocity/Info.plist;
				IPHONEOS_DEPLOYMENT_TARGET = 11.2;
				LD_RUNPATH_SEARCH_PATHS = "$(inherited) @executable_path/Frameworks";
				NEW_SETTING = "";
				PRODUCT_BUNDLE_IDENTIFIER = com.sport.Teamsocity;
				PRODUCT_NAME = "$(TARGET_NAME)";
				PROVISIONING_PROFILE_SPECIFIER = "";
				SWIFT_VERSION = 4.0;
				TARGETED_DEVICE_FAMILY = "1,2";
			};
			name = Release;
		};
/* End XCBuildConfiguration section */

/* Begin XCConfigurationList section */
		556F41152449E360008B1EEF /* Build configuration list for PBXProject "Teamsocity" */ = {
			isa = XCConfigurationList;
			buildConfigurations = (
				556F412F2449E362008B1EEF /* Debug */,
				556F41302449E362008B1EEF /* Release */,
			);
			defaultConfigurationIsVisible = 0;
			defaultConfigurationName = Release;
		};
		556F41312449E362008B1EEF /* Build configuration list for PBXNativeTarget "Teamsocity" */ = {
			isa = XCConfigurationList;
			buildConfigurations = (
				556F41322449E362008B1EEF /* Debug */,
				556F41332449E362008B1EEF /* Release */,
			);
			defaultConfigurationIsVisible = 0;
			defaultConfigurationName = Release;
		};
/* End XCConfigurationList section */

/* Begin XCVersionGroup section */
		556F41262449E360008B1EEF /* Teamsocity.xcdatamodeld */ = {
			isa = XCVersionGroup;
			children = (
				556F41272449E360008B1EEF /* Teamsocity.xcdatamodel */,
			);
			currentVersion = 556F41272449E360008B1EEF /* Teamsocity.xcdatamodel */;
			path = Teamsocity.xcdatamodeld;
			sourceTree = "<group>";
			versionGroupType = wrapper.xcdatamodel;
		};
/* End XCVersionGroup section */
	};
	rootObject = 556F41122449E360008B1EEF /* Project object */;
}
